// !$*UTF8*$!
{
	archiveVersion = 1;
	classes = {
	};
	objectVersion = 50;
	objects = {

/* Begin PBXBuildFile section */
		D9CE10812537377A00774625 /* AppDelegate.swift in Sources */ = {isa = PBXBuildFile; fileRef = D9CE10802537377A00774625 /* AppDelegate.swift */; };
		D9CE10832537377A00774625 /* SceneDelegate.swift in Sources */ = {isa = PBXBuildFile; fileRef = D9CE10822537377A00774625 /* SceneDelegate.swift */; };
		D9CE10852537377A00774625 /* ViewController.swift in Sources */ = {isa = PBXBuildFile; fileRef = D9CE10842537377A00774625 /* ViewController.swift */; };
		D9CE10882537377A00774625 /* Main.storyboard in Resources */ = {isa = PBXBuildFile; fileRef = D9CE10862537377A00774625 /* Main.storyboard */; };
		D9CE108A2537377A00774625 /* Assets.xcassets in Resources */ = {isa = PBXBuildFile; fileRef = D9CE10892537377A00774625 /* Assets.xcassets */; };
		D9CE108D2537377A00774625 /* LaunchScreen.storyboard in Resources */ = {isa = PBXBuildFile; fileRef = D9CE108B2537377A00774625 /* LaunchScreen.storyboard */; };
		D9CE10982537377B00774625 /* ARKitTestTests.swift in Sources */ = {isa = PBXBuildFile; fileRef = D9CE10972537377B00774625 /* ARKitTestTests.swift */; };
		D9CE10A32537377B00774625 /* ARKitTestUITests.swift in Sources */ = {isa = PBXBuildFile; fileRef = D9CE10A22537377B00774625 /* ARKitTestUITests.swift */; };
		D9CE10B425373E4D00774625 /* art.scnassets in Resources */ = {isa = PBXBuildFile; fileRef = D9CE10B325373E4D00774625 /* art.scnassets */; };
/* End PBXBuildFile section */

/* Begin PBXContainerItemProxy section */
		D9CE10942537377B00774625 /* PBXContainerItemProxy */ = {
			isa = PBXContainerItemProxy;
			containerPortal = D9CE10752537377A00774625 /* Project object */;
			proxyType = 1;
			remoteGlobalIDString = D9CE107C2537377A00774625;
			remoteInfo = ARKitTest;
		};
		D9CE109F2537377B00774625 /* PBXContainerItemProxy */ = {
			isa = PBXContainerItemProxy;
			containerPortal = D9CE10752537377A00774625 /* Project object */;
			proxyType = 1;
			remoteGlobalIDString = D9CE107C2537377A00774625;
			remoteInfo = ARKitTest;
		};
/* End PBXContainerItemProxy section */

/* Begin PBXFileReference section */
		D9CE107D2537377A00774625 /* ARKitTest.app */ = {isa = PBXFileReference; explicitFileType = wrapper.application; includeInIndex = 0; path = ARKitTest.app; sourceTree = BUILT_PRODUCTS_DIR; };
		D9CE10802537377A00774625 /* AppDelegate.swift */ = {isa = PBXFileReference; lastKnownFileType = sourcecode.swift; path = AppDelegate.swift; sourceTree = "<group>"; };
		D9CE10822537377A00774625 /* SceneDelegate.swift */ = {isa = PBXFileReference; lastKnownFileType = sourcecode.swift; path = SceneDelegate.swift; sourceTree = "<group>"; };
		D9CE10842537377A00774625 /* ViewController.swift */ = {isa = PBXFileReference; lastKnownFileType = sourcecode.swift; path = ViewController.swift; sourceTree = "<group>"; };
		D9CE10872537377A00774625 /* Base */ = {isa = PBXFileReference; lastKnownFileType = file.storyboard; name = Base; path = Base.lproj/Main.storyboard; sourceTree = "<group>"; };
		D9CE10892537377A00774625 /* Assets.xcassets */ = {isa = PBXFileReference; lastKnownFileType = folder.assetcatalog; path = Assets.xcassets; sourceTree = "<group>"; };
		D9CE108C2537377A00774625 /* Base */ = {isa = PBXFileReference; lastKnownFileType = file.storyboard; name = Base; path = Base.lproj/LaunchScreen.storyboard; sourceTree = "<group>"; };
		D9CE108E2537377A00774625 /* Info.plist */ = {isa = PBXFileReference; lastKnownFileType = text.plist.xml; path = Info.plist; sourceTree = "<group>"; };
		D9CE10932537377B00774625 /* ARKitTestTests.xctest */ = {isa = PBXFileReference; explicitFileType = wrapper.cfbundle; includeInIndex = 0; path = ARKitTestTests.xctest; sourceTree = BUILT_PRODUCTS_DIR; };
		D9CE10972537377B00774625 /* ARKitTestTests.swift */ = {isa = PBXFileReference; lastKnownFileType = sourcecode.swift; path = ARKitTestTests.swift; sourceTree = "<group>"; };
		D9CE10992537377B00774625 /* Info.plist */ = {isa = PBXFileReference; lastKnownFileType = text.plist.xml; path = Info.plist; sourceTree = "<group>"; };
		D9CE109E2537377B00774625 /* ARKitTestUITests.xctest */ = {isa = PBXFileReference; explicitFileType = wrapper.cfbundle; includeInIndex = 0; path = ARKitTestUITests.xctest; sourceTree = BUILT_PRODUCTS_DIR; };
		D9CE10A22537377B00774625 /* ARKitTestUITests.swift */ = {isa = PBXFileReference; lastKnownFileType = sourcecode.swift; path = ARKitTestUITests.swift; sourceTree = "<group>"; };
		D9CE10A42537377B00774625 /* Info.plist */ = {isa = PBXFileReference; lastKnownFileType = text.plist.xml; path = Info.plist; sourceTree = "<group>"; };
		D9CE10B325373E4D00774625 /* art.scnassets */ = {isa = PBXFileReference; lastKnownFileType = wrapper.scnassets; path = art.scnassets; sourceTree = "<group>"; };
/* End PBXFileReference section */

/* Begin PBXFrameworksBuildPhase section */
		D9CE107A2537377A00774625 /* Frameworks */ = {
			isa = PBXFrameworksBuildPhase;
			buildActionMask = 2147483647;
			files = (
			);
			runOnlyForDeploymentPostprocessing = 0;
		};
		D9CE10902537377B00774625 /* Frameworks */ = {
			isa = PBXFrameworksBuildPhase;
			buildActionMask = 2147483647;
			files = (
			);
			runOnlyForDeploymentPostprocessing = 0;
		};
		D9CE109B2537377B00774625 /* Frameworks */ = {
			isa = PBXFrameworksBuildPhase;
			buildActionMask = 2147483647;
			files = (
			);
			runOnlyForDeploymentPostprocessing = 0;
		};
/* End PBXFrameworksBuildPhase section */

/* Begin PBXGroup section */
		D9CE10742537377A00774625 = {
			isa = PBXGroup;
			children = (
				D9CE107F2537377A00774625 /* ARKitTest */,
				D9CE10962537377B00774625 /* ARKitTestTests */,
				D9CE10A12537377B00774625 /* ARKitTestUITests */,
				D9CE107E2537377A00774625 /* Products */,
			);
			sourceTree = "<group>";
		};
		D9CE107E2537377A00774625 /* Products */ = {
			isa = PBXGroup;
			children = (
				D9CE107D2537377A00774625 /* ARKitTest.app */,
				D9CE10932537377B00774625 /* ARKitTestTests.xctest */,
				D9CE109E2537377B00774625 /* ARKitTestUITests.xctest */,
			);
			name = Products;
			sourceTree = "<group>";
		};
		D9CE107F2537377A00774625 /* ARKitTest */ = {
			isa = PBXGroup;
			children = (
				D9CE10802537377A00774625 /* AppDelegate.swift */,
				D9CE10822537377A00774625 /* SceneDelegate.swift */,
				D9CE10842537377A00774625 /* ViewController.swift */,
				D9CE10862537377A00774625 /* Main.storyboard */,
				D9CE10892537377A00774625 /* Assets.xcassets */,
				D9CE10B325373E4D00774625 /* art.scnassets */,
				D9CE108B2537377A00774625 /* LaunchScreen.storyboard */,
				D9CE108E2537377A00774625 /* Info.plist */,
			);
			path = ARKitTest;
			sourceTree = "<group>";
		};
		D9CE10962537377B00774625 /* ARKitTestTests */ = {
			isa = PBXGroup;
			children = (
				D9CE10972537377B00774625 /* ARKitTestTests.swift */,
				D9CE10992537377B00774625 /* Info.plist */,
			);
			path = ARKitTestTests;
			sourceTree = "<group>";
		};
		D9CE10A12537377B00774625 /* ARKitTestUITests */ = {
			isa = PBXGroup;
			children = (
				D9CE10A22537377B00774625 /* ARKitTestUITests.swift */,
				D9CE10A42537377B00774625 /* Info.plist */,
			);
			path = ARKitTestUITests;
			sourceTree = "<group>";
		};
/* End PBXGroup section */

/* Begin PBXNativeTarget section */
		D9CE107C2537377A00774625 /* ARKitTest */ = {
			isa = PBXNativeTarget;
			buildConfigurationList = D9CE10A72537377B00774625 /* Build configuration list for PBXNativeTarget "ARKitTest" */;
			buildPhases = (
				D9CE10792537377A00774625 /* Sources */,
				D9CE107A2537377A00774625 /* Frameworks */,
				D9CE107B2537377A00774625 /* Resources */,
			);
			buildRules = (
			);
			dependencies = (
			);
			name = ARKitTest;
			productName = ARKitTest;
			productReference = D9CE107D2537377A00774625 /* ARKitTest.app */;
			productType = "com.apple.product-type.application";
		};
		D9CE10922537377B00774625 /* ARKitTestTests */ = {
			isa = PBXNativeTarget;
			buildConfigurationList = D9CE10AA2537377B00774625 /* Build configuration list for PBXNativeTarget "ARKitTestTests" */;
			buildPhases = (
				D9CE108F2537377B00774625 /* Sources */,
				D9CE10902537377B00774625 /* Frameworks */,
				D9CE10912537377B00774625 /* Resources */,
			);
			buildRules = (
			);
			dependencies = (
				D9CE10952537377B00774625 /* PBXTargetDependency */,
			);
			name = ARKitTestTests;
			productName = ARKitTestTests;
			productReference = D9CE10932537377B00774625 /* ARKitTestTests.xctest */;
			productType = "com.apple.product-type.bundle.unit-test";
		};
		D9CE109D2537377B00774625 /* ARKitTestUITests */ = {
			isa = PBXNativeTarget;
			buildConfigurationList = D9CE10AD2537377B00774625 /* Build configuration list for PBXNativeTarget "ARKitTestUITests" */;
			buildPhases = (
				D9CE109A2537377B00774625 /* Sources */,
				D9CE109B2537377B00774625 /* Frameworks */,
				D9CE109C2537377B00774625 /* Resources */,
			);
			buildRules = (
			);
			dependencies = (
				D9CE10A02537377B00774625 /* PBXTargetDependency */,
			);
			name = ARKitTestUITests;
			productName = ARKitTestUITests;
			productReference = D9CE109E2537377B00774625 /* ARKitTestUITests.xctest */;
			productType = "com.apple.product-type.bundle.ui-testing";
		};
/* End PBXNativeTarget section */

/* Begin PBXProject section */
		D9CE10752537377A00774625 /* Project object */ = {
			isa = PBXProject;
			attributes = {
				LastSwiftUpdateCheck = 1200;
				LastUpgradeCheck = 1200;
				TargetAttributes = {
					D9CE107C2537377A00774625 = {
						CreatedOnToolsVersion = 12.0;
					};
					D9CE10922537377B00774625 = {
						CreatedOnToolsVersion = 12.0;
						TestTargetID = D9CE107C2537377A00774625;
					};
					D9CE109D2537377B00774625 = {
						CreatedOnToolsVersion = 12.0;
						TestTargetID = D9CE107C2537377A00774625;
					};
				};
			};
			buildConfigurationList = D9CE10782537377A00774625 /* Build configuration list for PBXProject "ARKitTest" */;
			compatibilityVersion = "Xcode 9.3";
			developmentRegion = en;
			hasScannedForEncodings = 0;
			knownRegions = (
				en,
				Base,
			);
			mainGroup = D9CE10742537377A00774625;
			productRefGroup = D9CE107E2537377A00774625 /* Products */;
			projectDirPath = "";
			projectRoot = "";
			targets = (
				D9CE107C2537377A00774625 /* ARKitTest */,
				D9CE10922537377B00774625 /* ARKitTestTests */,
				D9CE109D2537377B00774625 /* ARKitTestUITests */,
			);
		};
/* End PBXProject section */

/* Begin PBXResourcesBuildPhase section */
		D9CE107B2537377A00774625 /* Resources */ = {
			isa = PBXResourcesBuildPhase;
			buildActionMask = 2147483647;
			files = (
				D9CE108D2537377A00774625 /* LaunchScreen.storyboard in Resources */,
				D9CE108A2537377A00774625 /* Assets.xcassets in Resources */,
				D9CE10882537377A00774625 /* Main.storyboard in Resources */,
				D9CE10B425373E4D00774625 /* art.scnassets in Resources */,
			);
			runOnlyForDeploymentPostprocessing = 0;
		};
		D9CE10912537377B00774625 /* Resources */ = {
			isa = PBXResourcesBuildPhase;
			buildActionMask = 2147483647;
			files = (
			);
			runOnlyForDeploymentPostprocessing = 0;
		};
		D9CE109C2537377B00774625 /* Resources */ = {
			isa = PBXResourcesBuildPhase;
			buildActionMask = 2147483647;
			files = (
			);
			runOnlyForDeploymentPostprocessing = 0;
		};
/* End PBXResourcesBuildPhase section */

/* Begin PBXSourcesBuildPhase section */
		D9CE10792537377A00774625 /* Sources */ = {
			isa = PBXSourcesBuildPhase;
			buildActionMask = 2147483647;
			files = (
				D9CE10852537377A00774625 /* ViewController.swift in Sources */,
				D9CE10812537377A00774625 /* AppDelegate.swift in Sources */,
				D9CE10832537377A00774625 /* SceneDelegate.swift in Sources */,
			);
			runOnlyForDeploymentPostprocessing = 0;
		};
		D9CE108F2537377B00774625 /* Sources */ = {
			isa = PBXSourcesBuildPhase;
			buildActionMask = 2147483647;
			files = (
				D9CE10982537377B00774625 /* ARKitTestTests.swift in Sources */,
			);
			runOnlyForDeploymentPostprocessing = 0;
		};
		D9CE109A2537377B00774625 /* Sources */ = {
			isa = PBXSourcesBuildPhase;
			buildActionMask = 2147483647;
			files = (
				D9CE10A32537377B00774625 /* ARKitTestUITests.swift in Sources */,
			);
			runOnlyForDeploymentPostprocessing = 0;
		};
/* End PBXSourcesBuildPhase section */

/* Begin PBXTargetDependency section */
		D9CE10952537377B00774625 /* PBXTargetDependency */ = {
			isa = PBXTargetDependency;
			target = D9CE107C2537377A00774625 /* ARKitTest */;
			targetProxy = D9CE10942537377B00774625 /* PBXContainerItemProxy */;
		};
		D9CE10A02537377B00774625 /* PBXTargetDependency */ = {
			isa = PBXTargetDependency;
			target = D9CE107C2537377A00774625 /* ARKitTest */;
			targetProxy = D9CE109F2537377B00774625 /* PBXContainerItemProxy */;
		};
/* End PBXTargetDependency section */

/* Begin PBXVariantGroup section */
		D9CE10862537377A00774625 /* Main.storyboard */ = {
			isa = PBXVariantGroup;
			children = (
				D9CE10872537377A00774625 /* Base */,
			);
			name = Main.storyboard;
			sourceTree = "<group>";
		};
		D9CE108B2537377A00774625 /* LaunchScreen.storyboard */ = {
			isa = PBXVariantGroup;
			children = (
				D9CE108C2537377A00774625 /* Base */,
			);
			name = LaunchScreen.storyboard;
			sourceTree = "<group>";
		};
/* End PBXVariantGroup section */

/* Begin XCBuildConfiguration section */
		D9CE10A52537377B00774625 /* Debug */ = {
			isa = XCBuildConfiguration;
			buildSettings = {
				ALWAYS_SEARCH_USER_PATHS = NO;
				CLANG_ANALYZER_NONNULL = YES;
				CLANG_ANALYZER_NUMBER_OBJECT_CONVERSION = YES_AGGRESSIVE;
				CLANG_CXX_LANGUAGE_STANDARD = "gnu++14";
				CLANG_CXX_LIBRARY = "libc++";
				CLANG_ENABLE_MODULES = YES;
				CLANG_ENABLE_OBJC_ARC = YES;
				CLANG_ENABLE_OBJC_WEAK = YES;
				CLANG_WARN_BLOCK_CAPTURE_AUTORELEASING = YES;
				CLANG_WARN_BOOL_CONVERSION = YES;
				CLANG_WARN_COMMA = YES;
				CLANG_WARN_CONSTANT_CONVERSION = YES;
				CLANG_WARN_DEPRECATED_OBJC_IMPLEMENTATIONS = YES;
				CLANG_WARN_DIRECT_OBJC_ISA_USAGE = YES_ERROR;
				CLANG_WARN_DOCUMENTATION_COMMENTS = YES;
				CLANG_WARN_EMPTY_BODY = YES;
				CLANG_WARN_ENUM_CONVERSION = YES;
				CLANG_WARN_INFINITE_RECURSION = YES;
				CLANG_WARN_INT_CONVERSION = YES;
				CLANG_WARN_NON_LITERAL_NULL_CONVERSION = YES;
				CLANG_WARN_OBJC_IMPLICIT_RETAIN_SELF = YES;
				CLANG_WARN_OBJC_LITERAL_CONVERSION = YES;
				CLANG_WARN_OBJC_ROOT_CLASS = YES_ERROR;
				CLANG_WARN_QUOTED_INCLUDE_IN_FRAMEWORK_HEADER = YES;
				CLANG_WARN_RANGE_LOOP_ANALYSIS = YES;
				CLANG_WARN_STRICT_PROTOTYPES = YES;
				CLANG_WARN_SUSPICIOUS_MOVE = YES;
				CLANG_WARN_UNGUARDED_AVAILABILITY = YES_AGGRESSIVE;
				CLANG_WARN_UNREACHABLE_CODE = YES;
				CLANG_WARN__DUPLICATE_METHOD_MATCH = YES;
				COPY_PHASE_STRIP = NO;
				DEBUG_INFORMATION_FORMAT = dwarf;
				ENABLE_STRICT_OBJC_MSGSEND = YES;
				ENABLE_TESTABILITY = YES;
				GCC_C_LANGUAGE_STANDARD = gnu11;
				GCC_DYNAMIC_NO_PIC = NO;
				GCC_NO_COMMON_BLOCKS = YES;
				GCC_OPTIMIZATION_LEVEL = 0;
				GCC_PREPROCESSOR_DEFINITIONS = (
					"DEBUG=1",
					"$(inherited)",
				);
				GCC_WARN_64_TO_32_BIT_CONVERSION = YES;
				GCC_WARN_ABOUT_RETURN_TYPE = YES_ERROR;
				GCC_WARN_UNDECLARED_SELECTOR = YES;
				GCC_WARN_UNINITIALIZED_AUTOS = YES_AGGRESSIVE;
				GCC_WARN_UNUSED_FUNCTION = YES;
				GCC_WARN_UNUSED_VARIABLE = YES;
				IPHONEOS_DEPLOYMENT_TARGET = 14.0;
				MTL_ENABLE_DEBUG_INFO = INCLUDE_SOURCE;
				MTL_FAST_MATH = YES;
				ONLY_ACTIVE_ARCH = YES;
				SDKROOT = iphoneos;
				SWIFT_ACTIVE_COMPILATION_CONDITIONS = DEBUG;
				SWIFT_OPTIMIZATION_LEVEL = "-Onone";
			};
			name = Debug;
		};
		D9CE10A62537377B00774625 /* Release */ = {
			isa = XCBuildConfiguration;
			buildSettings = {
				ALWAYS_SEARCH_USER_PATHS = NO;
				CLANG_ANALYZER_NONNULL = YES;
				CLANG_ANALYZER_NUMBER_OBJECT_CONVERSION = YES_AGGRESSIVE;
				CLANG_CXX_LANGUAGE_STANDARD = "gnu++14";
				CLANG_CXX_LIBRARY = "libc++";
				CLANG_ENABLE_MODULES = YES;
				CLANG_ENABLE_OBJC_ARC = YES;
				CLANG_ENABLE_OBJC_WEAK = YES;
				CLANG_WARN_BLOCK_CAPTURE_AUTORELEASING = YES;
				CLANG_WARN_BOOL_CONVERSION = YES;
				CLANG_WARN_COMMA = YES;
				CLANG_WARN_CONSTANT_CONVERSION = YES;
				CLANG_WARN_DEPRECATED_OBJC_IMPLEMENTATIONS = YES;
				CLANG_WARN_DIRECT_OBJC_ISA_USAGE = YES_ERROR;
				CLANG_WARN_DOCUMENTATION_COMMENTS = YES;
				CLANG_WARN_EMPTY_BODY = YES;
				CLANG_WARN_ENUM_CONVERSION = YES;
				CLANG_WARN_INFINITE_RECURSION = YES;
				CLANG_WARN_INT_CONVERSION = YES;
				CLANG_WARN_NON_LITERAL_NULL_CONVERSION = YES;
				CLANG_WARN_OBJC_IMPLICIT_RETAIN_SELF = YES;
				CLANG_WARN_OBJC_LITERAL_CONVERSION = YES;
				CLANG_WARN_OBJC_ROOT_CLASS = YES_ERROR;
				CLANG_WARN_QUOTED_INCLUDE_IN_FRAMEWORK_HEADER = YES;
				CLANG_WARN_RANGE_LOOP_ANALYSIS = YES;
				CLANG_WARN_STRICT_PROTOTYPES = YES;
				CLANG_WARN_SUSPICIOUS_MOVE = YES;
				CLANG_WARN_UNGUARDED_AVAILABILITY = YES_AGGRESSIVE;
				CLANG_WARN_UNREACHABLE_CODE = YES;
				CLANG_WARN__DUPLICATE_METHOD_MATCH = YES;
				COPY_PHASE_STRIP = NO;
				DEBUG_INFORMATION_FORMAT = "dwarf-with-dsym";
				ENABLE_NS_ASSERTIONS = NO;
				ENABLE_STRICT_OBJC_MSGSEND = YES;
				GCC_C_LANGUAGE_STANDARD = gnu11;
				GCC_NO_COMMON_BLOCKS = YES;
				GCC_WARN_64_TO_32_BIT_CONVERSION = YES;
				GCC_WARN_ABOUT_RETURN_TYPE = YES_ERROR;
				GCC_WARN_UNDECLARED_SELECTOR = YES;
				GCC_WARN_UNINITIALIZED_AUTOS = YES_AGGRESSIVE;
				GCC_WARN_UNUSED_FUNCTION = YES;
				GCC_WARN_UNUSED_VARIABLE = YES;
				IPHONEOS_DEPLOYMENT_TARGET = 14.0;
				MTL_ENABLE_DEBUG_INFO = NO;
				MTL_FAST_MATH = YES;
				SDKROOT = iphoneos;
				SWIFT_COMPILATION_MODE = wholemodule;
				SWIFT_OPTIMIZATION_LEVEL = "-O";
				VALIDATE_PRODUCT = YES;
			};
			name = Release;
		};
		D9CE10A82537377B00774625 /* Debug */ = {
			isa = XCBuildConfiguration;
			buildSettings = {
				ASSETCATALOG_COMPILER_APPICON_NAME = AppIcon;
				ASSETCATALOG_COMPILER_GLOBAL_ACCENT_COLOR_NAME = AccentColor;
				CODE_SIGN_STYLE = Automatic;
				DEVELOPMENT_TEAM = TJ49UEPPHN;
				INFOPLIST_FILE = ARKitTest/Info.plist;
				LD_RUNPATH_SEARCH_PATHS = (
					"$(inherited)",
					"@executable_path/Frameworks",
				);
				PRODUCT_BUNDLE_IDENTIFIER = com.innocv.ARKitTest;
				PRODUCT_NAME = "$(TARGET_NAME)";
				SWIFT_VERSION = 5.0;
				TARGETED_DEVICE_FAMILY = "1,2";
			};
			name = Debug;
		};
		D9CE10A92537377B00774625 /* Release */ = {
			isa = XCBuildConfiguration;
			buildSettings = {
				ASSETCATALOG_COMPILER_APPICON_NAME = AppIcon;
				ASSETCATALOG_COMPILER_GLOBAL_ACCENT_COLOR_NAME = AccentColor;
				CODE_SIGN_STYLE = Automatic;
				DEVELOPMENT_TEAM = TJ49UEPPHN;
				INFOPLIST_FILE = ARKitTest/Info.plist;
				LD_RUNPATH_SEARCH_PATHS = (
					"$(inherited)",
					"@executable_path/Frameworks",
				);
				PRODUCT_BUNDLE_IDENTIFIER = com.innocv.ARKitTest;
				PRODUCT_NAME = "$(TARGET_NAME)";
				SWIFT_VERSION = 5.0;
				TARGETED_DEVICE_FAMILY = "1,2";
			};
			name = Release;
		};
		D9CE10AB2537377B00774625 /* Debug */ = {
			isa = XCBuildConfiguration;
			buildSettings = {
				ALWAYS_EMBED_SWIFT_STANDARD_LIBRARIES = YES;
				BUNDLE_LOADER = "$(TEST_HOST)";
				CODE_SIGN_STYLE = Automatic;
				DEVELOPMENT_TEAM = TJ49UEPPHN;
				INFOPLIST_FILE = ARKitTestTests/Info.plist;
				IPHONEOS_DEPLOYMENT_TARGET = 14.0;
				LD_RUNPATH_SEARCH_PATHS = (
					"$(inherited)",
					"@executable_path/Frameworks",
					"@loader_path/Frameworks",
				);
				PRODUCT_BUNDLE_IDENTIFIER = com.innocv.ARKitTestTests;
				PRODUCT_NAME = "$(TARGET_NAME)";
				SWIFT_VERSION = 5.0;
				TARGETED_DEVICE_FAMILY = "1,2";
				TEST_HOST = "$(BUILT_PRODUCTS_DIR)/ARKitTest.app/ARKitTest";
			};
			name = Debug;
		};
		D9CE10AC2537377B00774625 /* Release */ = {
			isa = XCBuildConfiguration;
			buildSettings = {
				ALWAYS_EMBED_SWIFT_STANDARD_LIBRARIES = YES;
				BUNDLE_LOADER = "$(TEST_HOST)";
				CODE_SIGN_STYLE = Automatic;
				DEVELOPMENT_TEAM = TJ49UEPPHN;
				INFOPLIST_FILE = ARKitTestTests/Info.plist;
				IPHONEOS_DEPLOYMENT_TARGET = 14.0;
				LD_RUNPATH_SEARCH_PATHS = (
					"$(inherited)",
					"@executable_path/Frameworks",
					"@loader_path/Frameworks",
				);
				PRODUCT_BUNDLE_IDENTIFIER = com.innocv.ARKitTestTests;
				PRODUCT_NAME = "$(TARGET_NAME)";
				SWIFT_VERSION = 5.0;
				TARGETED_DEVICE_FAMILY = "1,2";
				TEST_HOST = "$(BUILT_PRODUCTS_DIR)/ARKitTest.app/ARKitTest";
			};
			name = Release;
		};
		D9CE10AE2537377B00774625 /* Debug */ = {
			isa = XCBuildConfiguration;
			buildSettings = {
				ALWAYS_EMBED_SWIFT_STANDARD_LIBRARIES = YES;
				CODE_SIGN_STYLE = Automatic;
				DEVELOPMENT_TEAM = TJ49UEPPHN;
				INFOPLIST_FILE = ARKitTestUITests/Info.plist;
				LD_RUNPATH_SEARCH_PATHS = (
					"$(inherited)",
					"@executable_path/Frameworks",
					"@loader_path/Frameworks",
				);
				PRODUCT_BUNDLE_IDENTIFIER = com.innocv.ARKitTestUITests;
				PRODUCT_NAME = "$(TARGET_NAME)";
				SWIFT_VERSION = 5.0;
				TARGETED_DEVICE_FAMILY = "1,2";
				TEST_TARGET_NAME = ARKitTest;
			};
			name = Debug;
		};
		D9CE10AF2537377B00774625 /* Release */ = {
			isa = XCBuildConfiguration;
			buildSettings = {
				ALWAYS_EMBED_SWIFT_STANDARD_LIBRARIES = YES;
				CODE_SIGN_STYLE = Automatic;
				DEVELOPMENT_TEAM = TJ49UEPPHN;
				INFOPLIST_FILE = ARKitTestUITests/Info.plist;
				LD_RUNPATH_SEARCH_PATHS = (
					"$(inherited)",
					"@executable_path/Frameworks",
					"@loader_path/Frameworks",
				);
				PRODUCT_BUNDLE_IDENTIFIER = com.innocv.ARKitTestUITests;
				PRODUCT_NAME = "$(TARGET_NAME)";
				SWIFT_VERSION = 5.0;
				TARGETED_DEVICE_FAMILY = "1,2";
				TEST_TARGET_NAME = ARKitTest;
			};
			name = Release;
		};
/* End XCBuildConfiguration section */

/* Begin XCConfigurationList section */
		D9CE10782537377A00774625 /* Build configuration list for PBXProject "ARKitTest" */ = {
			isa = XCConfigurationList;
			buildConfigurations = (
				D9CE10A52537377B00774625 /* Debug */,
				D9CE10A62537377B00774625 /* Release */,
			);
			defaultConfigurationIsVisible = 0;
			defaultConfigurationName = Release;
		};
		D9CE10A72537377B00774625 /* Build configuration list for PBXNativeTarget "ARKitTest" */ = {
			isa = XCConfigurationList;
			buildConfigurations = (
				D9CE10A82537377B00774625 /* Debug */,
				D9CE10A92537377B00774625 /* Release */,
			);
			defaultConfigurationIsVisible = 0;
			defaultConfigurationName = Release;
		};
		D9CE10AA2537377B00774625 /* Build configuration list for PBXNativeTarget "ARKitTestTests" */ = {
			isa = XCConfigurationList;
			buildConfigurations = (
				D9CE10AB2537377B00774625 /* Debug */,
				D9CE10AC2537377B00774625 /* Release */,
			);
			defaultConfigurationIsVisible = 0;
			defaultConfigurationName = Release;
		};
		D9CE10AD2537377B00774625 /* Build configuration list for PBXNativeTarget "ARKitTestUITests" */ = {
			isa = XCConfigurationList;
			buildConfigurations = (
				D9CE10AE2537377B00774625 /* Debug */,
				D9CE10AF2537377B00774625 /* Release */,
			);
			defaultConfigurationIsVisible = 0;
			defaultConfigurationName = Release;
		};
/* End XCConfigurationList section */
	};
	rootObject = D9CE10752537377A00774625 /* Project object */;
}
